
Microsoft Visual Studio Solution File, Format Version 12.00
# Visual Studio Version 17
VisualStudioVersion = 17.13.35919.96 d17.13
MinimumVisualStudioVersion = 10.0.40219.1
Project("{FAE04EC0-301F-11D3-BF4B-00C04F79EFBC}") = "CinemaBookingSystem", "CinemaBookingSystem\CinemaBookingSystem.csproj", "{46E3CB0E-5742-42B1-AEA6-9FB88546AEDA}"
EndProject
Global
	GlobalSection(SolutionConfigurationPlatforms) = preSolution
		Debug|Any CPU = Debug|Any CPU
		Release|Any CPU = Release|Any CPU
	EndGlobalSection
	GlobalSection(ProjectConfigurationPlatforms) = postSolution
		{46E3CB0E-5742-42B1-AEA6-9FB88546AEDA}.Debug|Any CPU.ActiveCfg = Debug|Any CPU
		{46E3CB0E-5742-42B1-AEA6-9FB88546AEDA}.Debug|Any CPU.Build.0 = Debug|Any CPU
		{46E3CB0E-5742-42B1-AEA6-9FB88546AEDA}.Release|Any CPU.ActiveCfg = Release|Any CPU
		{46E3CB0E-5742-42B1-AEA6-9FB88546AEDA}.Release|Any CPU.Build.0 = Release|Any CPU
	EndGlobalSection
	GlobalSection(SolutionProperties) = preSolution
		HideSolutionNode = FALSE
	EndGlobalSection
	GlobalSection(ExtensibilityGlobals) = postSolution
		SolutionGuid = {5B962081-B25C-457F-BA47-468EE821FAB9}
	EndGlobalSection
EndGlobal
